// !$*UTF8*$!
{
	archiveVersion = 1;
	classes = {
	};
	objectVersion = 56;
	objects = {

/* Begin PBXBuildFile section */
		63BA176D2A1F9A450035EE18 /* AppDelegate.swift in Sources */ = {isa = PBXBuildFile; fileRef = 63BA176C2A1F9A450035EE18 /* AppDelegate.swift */; };
		63BA176F2A1F9A450035EE18 /* SceneDelegate.swift in Sources */ = {isa = PBXBuildFile; fileRef = 63BA176E2A1F9A450035EE18 /* SceneDelegate.swift */; };
		63BA17712A1F9A450035EE18 /* ProtocolDelegateViewController.swift in Sources */ = {isa = PBXBuildFile; fileRef = 63BA17702A1F9A450035EE18 /* ProtocolDelegateViewController.swift */; };
		63BA17742A1F9A450035EE18 /* Main.storyboard in Resources */ = {isa = PBXBuildFile; fileRef = 63BA17722A1F9A450035EE18 /* Main.storyboard */; };
		63BA17762A1F9A460035EE18 /* Assets.xcassets in Resources */ = {isa = PBXBuildFile; fileRef = 63BA17752A1F9A460035EE18 /* Assets.xcassets */; };
		63BA17792A1F9A460035EE18 /* LaunchScreen.storyboard in Resources */ = {isa = PBXBuildFile; fileRef = 63BA17772A1F9A460035EE18 /* LaunchScreen.storyboard */; };
		63BA17842A1F9E190035EE18 /* WeatherService.swift in Sources */ = {isa = PBXBuildFile; fileRef = 63BA17832A1F9E190035EE18 /* WeatherService.swift */; };
		63BA17862A1F9E250035EE18 /* Weather.swift in Sources */ = {isa = PBXBuildFile; fileRef = 63BA17852A1F9E250035EE18 /* Weather.swift */; };
/* End PBXBuildFile section */

/* Begin PBXFileReference section */
		63BA17692A1F9A450035EE18 /* Protocol-Delegate-Example.app */ = {isa = PBXFileReference; explicitFileType = wrapper.application; includeInIndex = 0; path = "Protocol-Delegate-Example.app"; sourceTree = BUILT_PRODUCTS_DIR; };
		63BA176C2A1F9A450035EE18 /* AppDelegate.swift */ = {isa = PBXFileReference; lastKnownFileType = sourcecode.swift; path = AppDelegate.swift; sourceTree = "<group>"; };
		63BA176E2A1F9A450035EE18 /* SceneDelegate.swift */ = {isa = PBXFileReference; lastKnownFileType = sourcecode.swift; path = SceneDelegate.swift; sourceTree = "<group>"; };
		63BA17702A1F9A450035EE18 /* ProtocolDelegateViewController.swift */ = {isa = PBXFileReference; lastKnownFileType = sourcecode.swift; path = ProtocolDelegateViewController.swift; sourceTree = "<group>"; };
		63BA17732A1F9A450035EE18 /* Base */ = {isa = PBXFileReference; lastKnownFileType = file.storyboard; name = Base; path = Base.lproj/Main.storyboard; sourceTree = "<group>"; };
		63BA17752A1F9A460035EE18 /* Assets.xcassets */ = {isa = PBXFileReference; lastKnownFileType = folder.assetcatalog; path = Assets.xcassets; sourceTree = "<group>"; };
		63BA17782A1F9A460035EE18 /* Base */ = {isa = PBXFileReference; lastKnownFileType = file.storyboard; name = Base; path = Base.lproj/LaunchScreen.storyboard; sourceTree = "<group>"; };
		63BA177A2A1F9A460035EE18 /* Info.plist */ = {isa = PBXFileReference; lastKnownFileType = text.plist.xml; path = Info.plist; sourceTree = "<group>"; };
		63BA17832A1F9E190035EE18 /* WeatherService.swift */ = {isa = PBXFileReference; lastKnownFileType = sourcecode.swift; path = WeatherService.swift; sourceTree = "<group>"; };
		63BA17852A1F9E250035EE18 /* Weather.swift */ = {isa = PBXFileReference; lastKnownFileType = sourcecode.swift; path = Weather.swift; sourceTree = "<group>"; };
/* End PBXFileReference section */

/* Begin PBXFrameworksBuildPhase section */
		63BA17662A1F9A450035EE18 /* Frameworks */ = {
			isa = PBXFrameworksBuildPhase;
			buildActionMask = 2147483647;
			files = (
			);
			runOnlyForDeploymentPostprocessing = 0;
		};
/* End PBXFrameworksBuildPhase section */

/* Begin PBXGroup section */
		63BA17602A1F9A450035EE18 = {
			isa = PBXGroup;
			children = (
				63BA176B2A1F9A450035EE18 /* Protocol-Delegate-Example */,
				63BA176A2A1F9A450035EE18 /* Products */,
			);
			sourceTree = "<group>";
		};
		63BA176A2A1F9A450035EE18 /* Products */ = {
			isa = PBXGroup;
			children = (
				63BA17692A1F9A450035EE18 /* Protocol-Delegate-Example.app */,
			);
			name = Products;
			sourceTree = "<group>";
		};
		63BA176B2A1F9A450035EE18 /* Protocol-Delegate-Example */ = {
			isa = PBXGroup;
			children = (
				63BA17822A1F9D550035EE18 /* ProtocolDelegate */,
				63BA176C2A1F9A450035EE18 /* AppDelegate.swift */,
				63BA176E2A1F9A450035EE18 /* SceneDelegate.swift */,
				63BA17722A1F9A450035EE18 /* Main.storyboard */,
				63BA17752A1F9A460035EE18 /* Assets.xcassets */,
				63BA17772A1F9A460035EE18 /* LaunchScreen.storyboard */,
				63BA177A2A1F9A460035EE18 /* Info.plist */,
			);
			path = "Protocol-Delegate-Example";
			sourceTree = "<group>";
		};
		63BA17822A1F9D550035EE18 /* ProtocolDelegate */ = {
			isa = PBXGroup;
			children = (
				63BA17702A1F9A450035EE18 /* ProtocolDelegateViewController.swift */,
				63BA17832A1F9E190035EE18 /* WeatherService.swift */,
				63BA17852A1F9E250035EE18 /* Weather.swift */,
			);
			name = ProtocolDelegate;
			sourceTree = "<group>";
		};
/* End PBXGroup section */

/* Begin PBXNativeTarget section */
		63BA17682A1F9A450035EE18 /* Protocol-Delegate-Example */ = {
			isa = PBXNativeTarget;
			buildConfigurationList = 63BA177D2A1F9A460035EE18 /* Build configuration list for PBXNativeTarget "Protocol-Delegate-Example" */;
			buildPhases = (
				63BA17652A1F9A450035EE18 /* Sources */,
				63BA17662A1F9A450035EE18 /* Frameworks */,
				63BA17672A1F9A450035EE18 /* Resources */,
			);
			buildRules = (
			);
			dependencies = (
			);
			name = "Protocol-Delegate-Example";
			productName = "Protocol-Delegate-Example";
			productReference = 63BA17692A1F9A450035EE18 /* Protocol-Delegate-Example.app */;
			productType = "com.apple.product-type.application";
		};
/* End PBXNativeTarget section */

/* Begin PBXProject section */
		63BA17612A1F9A450035EE18 /* Project object */ = {
			isa = PBXProject;
			attributes = {
				BuildIndependentTargetsInParallel = 1;
				LastSwiftUpdateCheck = 1430;
				LastUpgradeCheck = 1430;
				TargetAttributes = {
					63BA17682A1F9A450035EE18 = {
						CreatedOnToolsVersion = 14.3;
					};
				};
			};
			buildConfigurationList = 63BA17642A1F9A450035EE18 /* Build configuration list for PBXProject "Protocol-Delegate-Example" */;
			compatibilityVersion = "Xcode 14.0";
			developmentRegion = en;
			hasScannedForEncodings = 0;
			knownRegions = (
				en,
				Base,
			);
			mainGroup = 63BA17602A1F9A450035EE18;
			productRefGroup = 63BA176A2A1F9A450035EE18 /* Products */;
			projectDirPath = "";
			projectRoot = "";
			targets = (
				63BA17682A1F9A450035EE18 /* Protocol-Delegate-Example */,
			);
		};
/* End PBXProject section */

/* Begin PBXResourcesBuildPhase section */
		63BA17672A1F9A450035EE18 /* Resources */ = {
			isa = PBXResourcesBuildPhase;
			buildActionMask = 2147483647;
			files = (
				63BA17792A1F9A460035EE18 /* LaunchScreen.storyboard in Resources */,
				63BA17762A1F9A460035EE18 /* Assets.xcassets in Resources */,
				63BA17742A1F9A450035EE18 /* Main.storyboard in Resources */,
			);
			runOnlyForDeploymentPostprocessing = 0;
		};
/* End PBXResourcesBuildPhase section */

/* Begin PBXSourcesBuildPhase section */
		63BA17652A1F9A450035EE18 /* Sources */ = {
			isa = PBXSourcesBuildPhase;
			buildActionMask = 2147483647;
			files = (
				63BA17842A1F9E190035EE18 /* WeatherService.swift in Sources */,
				63BA17712A1F9A450035EE18 /* ProtocolDelegateViewController.swift in Sources */,
				63BA176D2A1F9A450035EE18 /* AppDelegate.swift in Sources */,
				63BA176F2A1F9A450035EE18 /* SceneDelegate.swift in Sources */,
				63BA17862A1F9E250035EE18 /* Weather.swift in Sources */,
			);
			runOnlyForDeploymentPostprocessing = 0;
		};
/* End PBXSourcesBuildPhase section */

/* Begin PBXVariantGroup section */
		63BA17722A1F9A450035EE18 /* Main.storyboard */ = {
			isa = PBXVariantGroup;
			children = (
				63BA17732A1F9A450035EE18 /* Base */,
			);
			name = Main.storyboard;
			sourceTree = "<group>";
		};
		63BA17772A1F9A460035EE18 /* LaunchScreen.storyboard */ = {
			isa = PBXVariantGroup;
			children = (
				63BA17782A1F9A460035EE18 /* Base */,
			);
			name = LaunchScreen.storyboard;
			sourceTree = "<group>";
		};
/* End PBXVariantGroup section */

/* Begin XCBuildConfiguration section */
		63BA177B2A1F9A460035EE18 /* Debug */ = {
			isa = XCBuildConfiguration;
			buildSettings = {
				ALWAYS_SEARCH_USER_PATHS = NO;
				CLANG_ANALYZER_NONNULL = YES;
				CLANG_ANALYZER_NUMBER_OBJECT_CONVERSION = YES_AGGRESSIVE;
				CLANG_CXX_LANGUAGE_STANDARD = "gnu++20";
				CLANG_ENABLE_MODULES = YES;
				CLANG_ENABLE_OBJC_ARC = YES;
				CLANG_ENABLE_OBJC_WEAK = YES;
				CLANG_WARN_BLOCK_CAPTURE_AUTORELEASING = YES;
				CLANG_WARN_BOOL_CONVERSION = YES;
				CLANG_WARN_COMMA = YES;
				CLANG_WARN_CONSTANT_CONVERSION = YES;
				CLANG_WARN_DEPRECATED_OBJC_IMPLEMENTATIONS = YES;
				CLANG_WARN_DIRECT_OBJC_ISA_USAGE = YES_ERROR;
				CLANG_WARN_DOCUMENTATION_COMMENTS = YES;
				CLANG_WARN_EMPTY_BODY = YES;
				CLANG_WARN_ENUM_CONVERSION = YES;
				CLANG_WARN_INFINITE_RECURSION = YES;
				CLANG_WARN_INT_CONVERSION = YES;
				CLANG_WARN_NON_LITERAL_NULL_CONVERSION = YES;
				CLANG_WARN_OBJC_IMPLICIT_RETAIN_SELF = YES;
				CLANG_WARN_OBJC_LITERAL_CONVERSION = YES;
				CLANG_WARN_OBJC_ROOT_CLASS = YES_ERROR;
				CLANG_WARN_QUOTED_INCLUDE_IN_FRAMEWORK_HEADER = YES;
				CLANG_WARN_RANGE_LOOP_ANALYSIS = YES;
				CLANG_WARN_STRICT_PROTOTYPES = YES;
				CLANG_WARN_SUSPICIOUS_MOVE = YES;
				CLANG_WARN_UNGUARDED_AVAILABILITY = YES_AGGRESSIVE;
				CLANG_WARN_UNREACHABLE_CODE = YES;
				CLANG_WARN__DUPLICATE_METHOD_MATCH = YES;
				COPY_PHASE_STRIP = NO;
				DEBUG_INFORMATION_FORMAT = dwarf;
				ENABLE_STRICT_OBJC_MSGSEND = YES;
				ENABLE_TESTABILITY = YES;
				GCC_C_LANGUAGE_STANDARD = gnu11;
				GCC_DYNAMIC_NO_PIC = NO;
				GCC_NO_COMMON_BLOCKS = YES;
				GCC_OPTIMIZATION_LEVEL = 0;
				GCC_PREPROCESSOR_DEFINITIONS = (
					"DEBUG=1",
					"$(inherited)",
				);
				GCC_WARN_64_TO_32_BIT_CONVERSION = YES;
				GCC_WARN_ABOUT_RETURN_TYPE = YES_ERROR;
				GCC_WARN_UNDECLARED_SELECTOR = YES;
				GCC_WARN_UNINITIALIZED_AUTOS = YES_AGGRESSIVE;
				GCC_WARN_UNUSED_FUNCTION = YES;
				GCC_WARN_UNUSED_VARIABLE = YES;
				IPHONEOS_DEPLOYMENT_TARGET = 16.4;
				MTL_ENABLE_DEBUG_INFO = INCLUDE_SOURCE;
				MTL_FAST_MATH = YES;
				ONLY_ACTIVE_ARCH = YES;
				SDKROOT = iphoneos;
				SWIFT_ACTIVE_COMPILATION_CONDITIONS = DEBUG;
				SWIFT_OPTIMIZATION_LEVEL = "-Onone";
			};
			name = Debug;
		};
		63BA177C2A1F9A460035EE18 /* Release */ = {
			isa = XCBuildConfiguration;
			buildSettings = {
				ALWAYS_SEARCH_USER_PATHS = NO;
				CLANG_ANALYZER_NONNULL = YES;
				CLANG_ANALYZER_NUMBER_OBJECT_CONVERSION = YES_AGGRESSIVE;
				CLANG_CXX_LANGUAGE_STANDARD = "gnu++20";
				CLANG_ENABLE_MODULES = YES;
				CLANG_ENABLE_OBJC_ARC = YES;
				CLANG_ENABLE_OBJC_WEAK = YES;
				CLANG_WARN_BLOCK_CAPTURE_AUTORELEASING = YES;
				CLANG_WARN_BOOL_CONVERSION = YES;
				CLANG_WARN_COMMA = YES;
				CLANG_WARN_CONSTANT_CONVERSION = YES;
				CLANG_WARN_DEPRECATED_OBJC_IMPLEMENTATIONS = YES;
				CLANG_WARN_DIRECT_OBJC_ISA_USAGE = YES_ERROR;
				CLANG_WARN_DOCUMENTATION_COMMENTS = YES;
				CLANG_WARN_EMPTY_BODY = YES;
				CLANG_WARN_ENUM_CONVERSION = YES;
				CLANG_WARN_INFINITE_RECURSION = YES;
				CLANG_WARN_INT_CONVERSION = YES;
				CLANG_WARN_NON_LITERAL_NULL_CONVERSION = YES;
				CLANG_WARN_OBJC_IMPLICIT_RETAIN_SELF = YES;
				CLANG_WARN_OBJC_LITERAL_CONVERSION = YES;
				CLANG_WARN_OBJC_ROOT_CLASS = YES_ERROR;
				CLANG_WARN_QUOTED_INCLUDE_IN_FRAMEWORK_HEADER = YES;
				CLANG_WARN_RANGE_LOOP_ANALYSIS = YES;
				CLANG_WARN_STRICT_PROTOTYPES = YES;
				CLANG_WARN_SUSPICIOUS_MOVE = YES;
				CLANG_WARN_UNGUARDED_AVAILABILITY = YES_AGGRESSIVE;
				CLANG_WARN_UNREACHABLE_CODE = YES;
				CLANG_WARN__DUPLICATE_METHOD_MATCH = YES;
				COPY_PHASE_STRIP = NO;
				DEBUG_INFORMATION_FORMAT = "dwarf-with-dsym";
				ENABLE_NS_ASSERTIONS = NO;
				ENABLE_STRICT_OBJC_MSGSEND = YES;
				GCC_C_LANGUAGE_STANDARD = gnu11;
				GCC_NO_COMMON_BLOCKS = YES;
				GCC_WARN_64_TO_32_BIT_CONVERSION = YES;
				GCC_WARN_ABOUT_RETURN_TYPE = YES_ERROR;
				GCC_WARN_UNDECLARED_SELECTOR = YES;
				GCC_WARN_UNINITIALIZED_AUTOS = YES_AGGRESSIVE;
				GCC_WARN_UNUSED_FUNCTION = YES;
				GCC_WARN_UNUSED_VARIABLE = YES;
				IPHONEOS_DEPLOYMENT_TARGET = 16.4;
				MTL_ENABLE_DEBUG_INFO = NO;
				MTL_FAST_MATH = YES;
				SDKROOT = iphoneos;
				SWIFT_COMPILATION_MODE = wholemodule;
				SWIFT_OPTIMIZATION_LEVEL = "-O";
				VALIDATE_PRODUCT = YES;
			};
			name = Release;
		};
		63BA177E2A1F9A460035EE18 /* Debug */ = {
			isa = XCBuildConfiguration;
			buildSettings = {
				ASSETCATALOG_COMPILER_APPICON_NAME = AppIcon;
				ASSETCATALOG_COMPILER_GLOBAL_ACCENT_COLOR_NAME = AccentColor;
				CODE_SIGN_STYLE = Automatic;
				CURRENT_PROJECT_VERSION = 1;
				DEVELOPMENT_TEAM = B34M97ZY6W;
				GENERATE_INFOPLIST_FILE = YES;
				INFOPLIST_FILE = "Protocol-Delegate-Example/Info.plist";
				INFOPLIST_KEY_UIApplicationSupportsIndirectInputEvents = YES;
				INFOPLIST_KEY_UILaunchStoryboardName = LaunchScreen;
				INFOPLIST_KEY_UIMainStoryboardFile = Main;
				INFOPLIST_KEY_UISupportedInterfaceOrientations_iPad = "UIInterfaceOrientationPortrait UIInterfaceOrientationPortraitUpsideDown UIInterfaceOrientationLandscapeLeft UIInterfaceOrientationLandscapeRight";
				INFOPLIST_KEY_UISupportedInterfaceOrientations_iPhone = "UIInterfaceOrientationPortrait UIInterfaceOrientationLandscapeLeft UIInterfaceOrientationLandscapeRight";
				LD_RUNPATH_SEARCH_PATHS = (
					"$(inherited)",
					"@executable_path/Frameworks",
				);
				MARKETING_VERSION = 1.0;
				PRODUCT_BUNDLE_IDENTIFIER = "foranewlife.Protocol-Delegate-Example";
				PRODUCT_NAME = "$(TARGET_NAME)";
				SWIFT_EMIT_LOC_STRINGS = YES;
				SWIFT_VERSION = 5.0;
				TARGETED_DEVICE_FAMILY = "1,2";
			};
			name = Debug;
		};
		63BA177F2A1F9A460035EE18 /* Release */ = {
			isa = XCBuildConfiguration;
			buildSettings = {
				ASSETCATALOG_COMPILER_APPICON_NAME = AppIcon;
				ASSETCATALOG_COMPILER_GLOBAL_ACCENT_COLOR_NAME = AccentColor;
				CODE_SIGN_STYLE = Automatic;
				CURRENT_PROJECT_VERSION = 1;
				DEVELOPMENT_TEAM = B34M97ZY6W;
				GENERATE_INFOPLIST_FILE = YES;
				INFOPLIST_FILE = "Protocol-Delegate-Example/Info.plist";
				INFOPLIST_KEY_UIApplicationSupportsIndirectInputEvents = YES;
				INFOPLIST_KEY_UILaunchStoryboardName = LaunchScreen;
				INFOPLIST_KEY_UIMainStoryboardFile = Main;
				INFOPLIST_KEY_UISupportedInterfaceOrientations_iPad = "UIInterfaceOrientationPortrait UIInterfaceOrientationPortraitUpsideDown UIInterfaceOrientationLandscapeLeft UIInterfaceOrientationLandscapeRight";
				INFOPLIST_KEY_UISupportedInterfaceOrientations_iPhone = "UIInterfaceOrientationPortrait UIInterfaceOrientationLandscapeLeft UIInterfaceOrientationLandscapeRight";
				LD_RUNPATH_SEARCH_PATHS = (
					"$(inherited)",
					"@executable_path/Frameworks",
				);
				MARKETING_VERSION = 1.0;
				PRODUCT_BUNDLE_IDENTIFIER = "foranewlife.Protocol-Delegate-Example";
				PRODUCT_NAME = "$(TARGET_NAME)";
				SWIFT_EMIT_LOC_STRINGS = YES;
				SWIFT_VERSION = 5.0;
				TARGETED_DEVICE_FAMILY = "1,2";
			};
			name = Release;
		};
/* End XCBuildConfiguration section */

/* Begin XCConfigurationList section */
		63BA17642A1F9A450035EE18 /* Build configuration list for PBXProject "Protocol-Delegate-Example" */ = {
			isa = XCConfigurationList;
			buildConfigurations = (
				63BA177B2A1F9A460035EE18 /* Debug */,
				63BA177C2A1F9A460035EE18 /* Release */,
			);
			defaultConfigurationIsVisible = 0;
			defaultConfigurationName = Release;
		};
		63BA177D2A1F9A460035EE18 /* Build configuration list for PBXNativeTarget "Protocol-Delegate-Example" */ = {
			isa = XCConfigurationList;
			buildConfigurations = (
				63BA177E2A1F9A460035EE18 /* Debug */,
				63BA177F2A1F9A460035EE18 /* Release */,
			);
			defaultConfigurationIsVisible = 0;
			defaultConfigurationName = Release;
		};
/* End XCConfigurationList section */
	};
	rootObject = 63BA17612A1F9A450035EE18 /* Project object */;
}
